
Microsoft Visual Studio Solution File, Format Version 12.00
# Visual Studio 15
VisualStudioVersion = 15.0.28307.1082
MinimumVisualStudioVersion = 10.0.40219.1
Project("{FAE04EC0-301F-11D3-BF4B-00C04F79EFBC}") = "coffee", "coffee\coffee.csproj", "{C254A8ED-2D9E-4C3D-8D98-FB107B894D09}"
EndProject
Global
	GlobalSection(SolutionConfigurationPlatforms) = preSolution
		Debug|Any CPU = Debug|Any CPU
		Release|Any CPU = Release|Any CPU
	EndGlobalSection
	GlobalSection(ProjectConfigurationPlatforms) = postSolution
		{C254A8ED-2D9E-4C3D-8D98-FB107B894D09}.Debug|Any CPU.ActiveCfg = Debug|Any CPU
		{C254A8ED-2D9E-4C3D-8D98-FB107B894D09}.Debug|Any CPU.Build.0 = Debug|Any CPU
		{C254A8ED-2D9E-4C3D-8D98-FB107B894D09}.Release|Any CPU.ActiveCfg = Release|Any CPU
		{C254A8ED-2D9E-4C3D-8D98-FB107B894D09}.Release|Any CPU.Build.0 = Release|Any CPU
	EndGlobalSection
	GlobalSection(SolutionProperties) = preSolution
		HideSolutionNode = FALSE
	EndGlobalSection
	GlobalSection(ExtensibilityGlobals) = postSolution
		SolutionGuid = {5A79C0FE-907F-4AF8-854F-FF2E74AA51B2}
	EndGlobalSection
EndGlobal
